github.com/JeffJerseyCow/gdb-mi v0.0.1 h1:EEGlqgCvJl8V0ck3nCTD6I7ivt9cmMK7j73hcm3a82g=
github.com/JeffJerseyCow/gdb-mi v0.0.1/go.mod h1:214AKCzyMazgjXdZzKXP6BUrxKkWLsVmcTzcg6EOSR8=
github.com/jeffjerseycow/gdb-mi v0.0.1 h1:F1ItSSJ0AIedE76wtwS2xKoey85r+JrSARIVRCFOZn0=
github.com/jeffjerseycow/gdb-mi v0.0.1/go.mod h1:7Byz/c6C5+JSq35FE6d5cTpZ27qRsKCi3mn88+d2J6A=
github.com/kr/pty v1.1.3 h1:/Um6a/ZmD5tF7peoOJ5oN5KMQ0DrGVQSXLNwyckutPk=
github.com/kr/pty v1.1.3/go.mod h1:pFQYn66WHrOpPYNljwOMqo10TkYh1fy3cYio2l3bCsQ=
